{
    "_meta": {
        "hash": {
            "sha256": "986984f1d68de5b43c732609e0bb1cfd48a89d07e59ffbe5a4c7cc6294363379"
        },
        "pipfile-spec": 6,
        "requires": {
            "python_full_version": "3.8.10",
            "python_version": "3.8"
        },
        "sources": [
            {
                "name": "pypi",
                "url": "https://pypi.org/simple",
                "verify_ssl": true
            }
        ]
    },
    "default": {
        "asgiref": {
            "hashes": [
                "sha256:89b2ef2247e3b562a16eef663bc0e2e703ec6468e2fa8a5cd61cd449786d4f6e",
                "sha256:9e0ce3aa93a819ba5b45120216b23878cf6e8525eb3848653452b4192b92afed"
            ],
            "markers": "python_version >= '3.7'",
            "version": "==3.7.2"
        },
        "click": {
            "hashes": [
                "sha256:ae74fb96c20a0277a1d615f1e4d73c8414f5a98db8b799a7931d1582f3390c28",
                "sha256:ca9853ad459e787e2192211578cc907e7594e294c7ccc834310722b41b9ca6de"
            ],
            "markers": "python_version >= '3.7'",
            "version": "==8.1.7"
        },
        "fastapi": {
            "hashes": [
                "sha256:644bb815bae326575c4b2842469fb83053a4b974b82fa792ff9283d17fbbd99d",
                "sha256:94d2820906c36b9b8303796fb7271337ec89c74223229e3cfcf056b5a7d59e23"
            ],
            "index": "pypi",
            "markers": "python_version >= '3.6'",
            "version": "==0.68.1"
        },
        "greenlet": {
            "hashes": [
                "sha256:0a02d259510b3630f330c86557331a3b0e0c79dac3d166e449a39363beaae174",
                "sha256:0b6f9f8ca7093fd4433472fd99b5650f8a26dcd8ba410e14094c1e44cd3ceddd",
                "sha256:100f78a29707ca1525ea47388cec8a049405147719f47ebf3895e7509c6446aa",
                "sha256:1757936efea16e3f03db20efd0cd50a1c86b06734f9f7338a90c4ba85ec2ad5a",
                "sha256:19075157a10055759066854a973b3d1325d964d498a805bb68a1f9af4aaef8ec",
                "sha256:19bbdf1cce0346ef7341705d71e2ecf6f41a35c311137f29b8a2dc2341374565",
                "sha256:20107edf7c2c3644c67c12205dc60b1bb11d26b2610b276f97d666110d1b511d",
                "sha256:22f79120a24aeeae2b4471c711dcf4f8c736a2bb2fabad2a67ac9a55ea72523c",
                "sha256:2847e5d7beedb8d614186962c3d774d40d3374d580d2cbdab7f184580a39d234",
                "sha256:28e89e232c7593d33cac35425b58950789962011cc274aa43ef8865f2e11f46d",
                "sha256:329c5a2e5a0ee942f2992c5e3ff40be03e75f745f48847f118a3cfece7a28546",
                "sha256:337322096d92808f76ad26061a8f5fccb22b0809bea39212cd6c406f6a7060d2",
                "sha256:3fcc780ae8edbb1d050d920ab44790201f027d59fdbd21362340a85c79066a74",
                "sha256:41bdeeb552d814bcd7fb52172b304898a35818107cc8778b5101423c9017b3de",
                "sha256:4eddd98afc726f8aee1948858aed9e6feeb1758889dfd869072d4465973f6bfd",
                "sha256:52e93b28db27ae7d208748f45d2db8a7b6a380e0d703f099c949d0f0d80b70e9",
                "sha256:55d62807f1c5a1682075c62436702aaba941daa316e9161e4b6ccebbbf38bda3",
                "sha256:5805e71e5b570d490938d55552f5a9e10f477c19400c38bf1d5190d760691846",
                "sha256:599daf06ea59bfedbec564b1692b0166a0045f32b6f0933b0dd4df59a854caf2",
                "sha256:60d5772e8195f4e9ebf74046a9121bbb90090f6550f81d8956a05387ba139353",
                "sha256:696d8e7d82398e810f2b3622b24e87906763b6ebfd90e361e88eb85b0e554dc8",
                "sha256:6e6061bf1e9565c29002e3c601cf68569c450be7fc3f7336671af7ddb4657166",
                "sha256:80ac992f25d10aaebe1ee15df45ca0d7571d0f70b645c08ec68733fb7a020206",
                "sha256:816bd9488a94cba78d93e1abb58000e8266fa9cc2aa9ccdd6eb0696acb24005b",
                "sha256:85d2b77e7c9382f004b41d9c72c85537fac834fb141b0296942d52bf03fe4a3d",
                "sha256:87c8ceb0cf8a5a51b8008b643844b7f4a8264a2c13fcbcd8a8316161725383fe",
                "sha256:89ee2e967bd7ff85d84a2de09df10e021c9b38c7d91dead95b406ed6350c6997",
                "sha256:8bef097455dea90ffe855286926ae02d8faa335ed8e4067326257cb571fc1445",
                "sha256:8d11ebbd679e927593978aa44c10fc2092bc454b7d13fdc958d3e9d508aba7d0",
                "sha256:91e6c7db42638dc45cf2e13c73be16bf83179f7859b07cfc139518941320be96",
                "sha256:97e7ac860d64e2dcba5c5944cfc8fa9ea185cd84061c623536154d5a89237884",
                "sha256:990066bff27c4fcf3b69382b86f4c99b3652bab2a7e685d968cd4d0cfc6f67c6",
                "sha256:9fbc5b8f3dfe24784cee8ce0be3da2d8a79e46a276593db6868382d9c50d97b1",
                "sha256:ac4a39d1abae48184d420aa8e5e63efd1b75c8444dd95daa3e03f6c6310e9619",
                "sha256:b2c02d2ad98116e914d4f3155ffc905fd0c025d901ead3f6ed07385e19122c94",
                "sha256:b2d3337dcfaa99698aa2377c81c9ca72fcd89c07e7eb62ece3f23a3fe89b2ce4",
                "sha256:b489c36d1327868d207002391f662a1d163bdc8daf10ab2e5f6e41b9b96de3b1",
                "sha256:b641161c302efbb860ae6b081f406839a8b7d5573f20a455539823802c655f63",
                "sha256:b8ba29306c5de7717b5761b9ea74f9c72b9e2b834e24aa984da99cbfc70157fd",
                "sha256:b9934adbd0f6e476f0ecff3c94626529f344f57b38c9a541f87098710b18af0a",
                "sha256:ce85c43ae54845272f6f9cd8320d034d7a946e9773c693b27d620edec825e376",
                "sha256:cf868e08690cb89360eebc73ba4be7fb461cfbc6168dd88e2fbbe6f31812cd57",
                "sha256:d2905ce1df400360463c772b55d8e2518d0e488a87cdea13dd2c71dcb2a1fa16",
                "sha256:d57e20ba591727da0c230ab2c3f200ac9d6d333860d85348816e1dca4cc4792e",
                "sha256:d6a8c9d4f8692917a3dc7eb25a6fb337bff86909febe2f793ec1928cd97bedfc",
                "sha256:d923ff276f1c1f9680d32832f8d6c040fe9306cbfb5d161b0911e9634be9ef0a",
                "sha256:daa7197b43c707462f06d2c693ffdbb5991cbb8b80b5b984007de431493a319c",
                "sha256:dbd4c177afb8a8d9ba348d925b0b67246147af806f0b104af4d24f144d461cd5",
                "sha256:dc4d815b794fd8868c4d67602692c21bf5293a75e4b607bb92a11e821e2b859a",
                "sha256:e9d21aaa84557d64209af04ff48e0ad5e28c5cca67ce43444e939579d085da72",
                "sha256:ea6b8aa9e08eea388c5f7a276fabb1d4b6b9d6e4ceb12cc477c3d352001768a9",
                "sha256:eabe7090db68c981fca689299c2d116400b553f4b713266b130cfc9e2aa9c5a9",
                "sha256:f2f6d303f3dee132b322a14cd8765287b8f86cdc10d2cb6a6fae234ea488888e",
                "sha256:f33f3258aae89da191c6ebaa3bc517c6c4cbc9b9f689e5d8452f7aedbb913fa8",
                "sha256:f7bfb769f7efa0eefcd039dd19d843a4fbfbac52f1878b1da2ed5793ec9b1a65",
                "sha256:f89e21afe925fcfa655965ca8ea10f24773a1791400989ff32f467badfe4a064",
                "sha256:fa24255ae3c0ab67e613556375a4341af04a084bd58764731972bcbc8baeba36"
            ],
            "markers": "python_version >= '3' and platform_machine in 'x86_64 X86_64 aarch64 AARCH64 ppc64le PPC64LE amd64 AMD64 win32 WIN32'",
            "version": "==3.0.1"
        },
        "h11": {
            "hashes": [
                "sha256:8f19fbbe99e72420ff35c00b27a34cb9937e902a8b810e2c88300c6f0a3b699d",
                "sha256:e3fe4ac4b851c468cc8363d500db52c2ead036020723024a109d37346efaa761"
            ],
            "markers": "python_version >= '3.7'",
            "version": "==0.14.0"
        },
        "pydantic": {
            "hashes": [
                "sha256:1740068fd8e2ef6eb27a20e5651df000978edce6da6803c2bef0bc74540f9548",
                "sha256:210ce042e8f6f7c01168b2d84d4c9eb2b009fe7bf572c2266e235edf14bacd80",
                "sha256:32c8b48dcd3b2ac4e78b0ba4af3a2c2eb6048cb75202f0ea7b34feb740efc340",
                "sha256:3ecea2b9d80e5333303eeb77e180b90e95eea8f765d08c3d278cd56b00345d01",
                "sha256:4b03e42ec20286f052490423682016fd80fda830d8e4119f8ab13ec7464c0132",
                "sha256:4c5370a7edaac06daee3af1c8b1192e305bc102abcbf2a92374b5bc793818599",
                "sha256:56e3ff861c3b9c6857579de282ce8baabf443f42ffba355bf070770ed63e11e1",
                "sha256:5a1f9f747851338933942db7af7b6ee8268568ef2ed86c4185c6ef4402e80ba8",
                "sha256:5e08865bc6464df8c7d61439ef4439829e3ab62ab1669cddea8dd00cd74b9ffe",
                "sha256:61d9dce220447fb74f45e73d7ff3b530e25db30192ad8d425166d43c5deb6df0",
                "sha256:654db58ae399fe6434e55325a2c3e959836bd17a6f6a0b6ca8107ea0571d2e17",
                "sha256:678bcf5591b63cc917100dc50ab6caebe597ac67e8c9ccb75e698f66038ea953",
                "sha256:6cf25c1a65c27923a17b3da28a0bdb99f62ee04230c931d83e888012851f4e7f",
                "sha256:75ac15385a3534d887a99c713aa3da88a30fbd6204a5cd0dc4dab3d770b9bd2f",
                "sha256:75b297827b59bc229cac1a23a2f7a4ac0031068e5be0ce385be1462e7e17a35d",
                "sha256:7d6f6e7305244bddb4414ba7094ce910560c907bdfa3501e9db1a7fd7eaea127",
                "sha256:84bafe2e60b5e78bc64a2941b4c071a4b7404c5c907f5f5a99b0139781e69ed8",
                "sha256:854223752ba81e3abf663d685f105c64150873cc6f5d0c01d3e3220bcff7d36f",
                "sha256:8ae5dd6b721459bfa30805f4c25880e0dd78fc5b5879f9f7a692196ddcb5a580",
                "sha256:8ef467901d7a41fa0ca6db9ae3ec0021e3f657ce2c208e98cd511f3161c762c6",
                "sha256:968ac42970f57b8344ee08837b62f6ee6f53c33f603547a55571c954a4225691",
                "sha256:97cce3ae7341f7620a0ba5ef6cf043975cd9d2b81f3aa5f4ea37928269bc1b87",
                "sha256:9849f031cf8a2f0a928fe885e5a04b08006d6d41876b8bbd2fc68a18f9f2e3fd",
                "sha256:9f00790179497767aae6bcdc36355792c79e7bbb20b145ff449700eb076c5f96",
                "sha256:b87326822e71bd5f313e7d3bfdc77ac3247035ac10b0c0618bd99dcf95b1e687",
                "sha256:b97c1fac8c49be29486df85968682b0afa77e1b809aff74b83081cc115e52f33",
                "sha256:bc0898c12f8e9c97f6cd44c0ed70d55749eaf783716896960b4ecce2edfd2d69",
                "sha256:c553f6a156deb868ba38a23cf0df886c63492e9257f60a79c0fd8e7173537653",
                "sha256:c636925f38b8db208e09d344c7aa4f29a86bb9947495dd6b6d376ad10334fb78",
                "sha256:c958d053453a1c4b1c2062b05cd42d9d5c8eb67537b8d5a7e3c3032943ecd261",
                "sha256:d3a3c792a58e1622667a2837512099eac62490cdfd63bd407993aaf200a4cf1f",
                "sha256:e31647d85a2013d926ce60b84f9dd5300d44535a9941fe825dc349ae1f760df9",
                "sha256:e70ca129d2053fb8b728ee7d1af8e553a928d7e301a311094b8a0501adc8763d",
                "sha256:efff03cc7a4f29d9009d1c96ceb1e7a70a65cfe86e89d34e4a5f2ab1e5693737",
                "sha256:f59ef915cac80275245824e9d771ee939133be38215555e9dc90c6cb148aaeb5",
                "sha256:f8e81fc5fb17dae698f52bdd1c4f18b6ca674d7068242b2aff075f588301bbb0"
            ],
            "markers": "python_version >= '3.7'",
            "version": "==1.10.13"
        },
        "sqlalchemy": {
            "hashes": [
                "sha256:059c5f41e8630f51741a234e6ba2a034228c11b3b54a15478e61d8b55fa8bd9d",
                "sha256:07b9099a95dd2b2620498544300eda590741ac54915c6b20809b6de7e3c58090",
                "sha256:0aa312f9906ecebe133d7f44168c3cae4c76f27a25192fa7682f3fad505543c9",
                "sha256:0aa746d1173587743960ff17b89b540e313aacfe6c1e9c81aa48393182c36d4f",
                "sha256:1c15191f2430a30082f540ec6f331214746fc974cfdf136d7a1471d1c61d68ff",
                "sha256:25e9b2e5ca088879ce3740d9ccd4d58cb9061d49566a0b5e12166f403d6f4da0",
                "sha256:2bca9a6e30ee425cc321d988a152a5fe1be519648e7541ac45c36cd4f569421f",
                "sha256:355024cf061ed04271900414eb4a22671520241d2216ddb691bdd8a992172389",
                "sha256:370f4688ce47f0dc1e677a020a4d46252a31a2818fd67f5c256417faefc938af",
                "sha256:37f2bd1b8e32c5999280f846701712347fc0ee7370e016ede2283c71712e127a",
                "sha256:3a0d3b3d51c83a66f5b72c57e1aad061406e4c390bd42cf1fda94effe82fac81",
                "sha256:43fc207be06e50158e4dae4cc4f27ce80afbdbfa7c490b3b22feb64f6d9775a0",
                "sha256:448612570aa1437a5d1b94ada161805778fe80aba5b9a08a403e8ae4e071ded6",
                "sha256:4803a481d4c14ce6ad53dc35458c57821863e9a079695c27603d38355e61fb7f",
                "sha256:512f52a8872e8d63d898e4e158eda17e2ee40b8d2496b3b409422e71016db0bd",
                "sha256:6a8dbf3d46e889d864a57ee880c4ad3a928db5aa95e3d359cbe0da2f122e50c4",
                "sha256:76ff246881f528089bf19385131b966197bb494653990396d2ce138e2a447583",
                "sha256:82c03325111eab88d64e0ff48b6fe15c75d23787429fa1d84c0995872e702787",
                "sha256:967307ea52985985224a79342527c36ec2d1daa257a39748dd90e001a4be4d90",
                "sha256:9b128a78581faea7a5ee626ad4471353eee051e4e94616dfeff4742b6e5ba262",
                "sha256:a8395c4db3e1450eef2b68069abf500cc48af4b442a0d98b5d3c9535fe40cde8",
                "sha256:ae07895b55c7d58a7dd47438f437ac219c0f09d24c2e7d69fdebc1ea75350f00",
                "sha256:bd41f8063a9cd11b76d6d7d6af8139ab3c087f5dbbe5a50c02cb8ece7da34d67",
                "sha256:be185b3daf651c6c0639987a916bf41e97b60e68f860f27c9cb6574385f5cbb4",
                "sha256:cd0e85dd2067159848c7672acd517f0c38b7b98867a347411ea01b432003f8d9",
                "sha256:cd68c5f9d13ffc8f4d6802cceee786678c5b1c668c97bc07b9f4a60883f36cd1",
                "sha256:cec1a4c6ddf5f82191301a25504f0e675eccd86635f0d5e4c69e0661691931c5",
                "sha256:d9667260125688c71ccf9af321c37e9fb71c2693575af8210f763bfbbee847c7",
                "sha256:e0ce4a2e48fe0a9ea3a5160411a4c5135da5255ed9ac9c15f15f2bcf58c34194",
                "sha256:e9d4f4552aa5e0d1417fc64a2ce1cdf56a30bab346ba6b0dd5e838eb56db4d29"
            ],
            "index": "pypi",
            "markers": "python_version >= '2.7' and python_version not in '3.0, 3.1, 3.2, 3.3, 3.4, 3.5'",
            "version": "==1.4.23"
        },
        "starlette": {
            "hashes": [
                "sha256:3c8e48e52736b3161e34c9f0e8153b4f32ec5d8995a3ee1d59410d92f75162ed",
                "sha256:7d49f4a27f8742262ef1470608c59ddbc66baf37c148e938c7038e6bc7a998aa"
            ],
            "markers": "python_version >= '3.6'",
            "version": "==0.14.2"
        },
        "typing-extensions": {
            "hashes": [
                "sha256:8f92fc8806f9a6b641eaa5318da32b44d401efaac0f6678c9bc448ba3605faa0",
                "sha256:df8e4339e9cb77357558cbdbceca33c303714cf861d1eef15e1070055ae8b7ef"
            ],
            "markers": "python_version < '3.11'",
            "version": "==4.8.0"
        },
        "uvicorn": {
            "hashes": [
                "sha256:17f898c64c71a2640514d4089da2689e5db1ce5d4086c2d53699bf99513421c1",
                "sha256:d9a3c0dd1ca86728d3e235182683b4cf94cd53a867c288eaeca80ee781b2caff"
            ],
            "index": "pypi",
            "version": "==0.15.0"
        }
    },
    "develop": {}
}
